// !$*UTF8*$!
{
	archiveVersion = 1;
	classes = {
	};
	objectVersion = 56;
	objects = {

/* Begin PBXBuildFile section */
		9660E4C257AC44C06C31ED40 /* Pods_WeatherTests.framework in Frameworks */ = {isa = PBXBuildFile; fileRef = 16ED8E9DF792125481F6AFCE /* Pods_WeatherTests.framework */; };
		9E93C6FC4F7AD7651A09CAAB /* Pods_Weather_WeatherUITests.framework in Frameworks */ = {isa = PBXBuildFile; fileRef = 8C7801682F41046CCC5B072D /* Pods_Weather_WeatherUITests.framework */; };
		C6813F7729A5B9BD006D75EC /* AppDelegate.swift in Sources */ = {isa = PBXBuildFile; fileRef = C6813F7629A5B9BD006D75EC /* AppDelegate.swift */; };
		C6813F7929A5B9BD006D75EC /* SceneDelegate.swift in Sources */ = {isa = PBXBuildFile; fileRef = C6813F7829A5B9BD006D75EC /* SceneDelegate.swift */; };
		C6813F7B29A5B9BD006D75EC /* ViewController.swift in Sources */ = {isa = PBXBuildFile; fileRef = C6813F7A29A5B9BD006D75EC /* ViewController.swift */; };
		C6813F7E29A5B9BD006D75EC /* Main.storyboard in Resources */ = {isa = PBXBuildFile; fileRef = C6813F7C29A5B9BD006D75EC /* Main.storyboard */; };
		C6813F8029A5B9BD006D75EC /* Assets.xcassets in Resources */ = {isa = PBXBuildFile; fileRef = C6813F7F29A5B9BD006D75EC /* Assets.xcassets */; };
		C6813F8329A5B9BD006D75EC /* LaunchScreen.storyboard in Resources */ = {isa = PBXBuildFile; fileRef = C6813F8129A5B9BD006D75EC /* LaunchScreen.storyboard */; };
		C6813F8E29A5B9BD006D75EC /* WeatherTests.swift in Sources */ = {isa = PBXBuildFile; fileRef = C6813F8D29A5B9BD006D75EC /* WeatherTests.swift */; };
		C6813F9829A5B9BD006D75EC /* WeatherUITests.swift in Sources */ = {isa = PBXBuildFile; fileRef = C6813F9729A5B9BD006D75EC /* WeatherUITests.swift */; };
		C6813F9A29A5B9BD006D75EC /* WeatherUITestsLaunchTests.swift in Sources */ = {isa = PBXBuildFile; fileRef = C6813F9929A5B9BD006D75EC /* WeatherUITestsLaunchTests.swift */; };
		C6813FB029A5BABD006D75EC /* HourlyCell.swift in Sources */ = {isa = PBXBuildFile; fileRef = C6813FAF29A5BABD006D75EC /* HourlyCell.swift */; };
		C6813FB229A5BACA006D75EC /* SeparateLineView.swift in Sources */ = {isa = PBXBuildFile; fileRef = C6813FB129A5BACA006D75EC /* SeparateLineView.swift */; };
		C6813FB429A5BAD5006D75EC /* WeatherView.swift in Sources */ = {isa = PBXBuildFile; fileRef = C6813FB329A5BAD5006D75EC /* WeatherView.swift */; };
		C6813FB629A5BAEC006D75EC /* WeatherService.swift in Sources */ = {isa = PBXBuildFile; fileRef = C6813FB529A5BAEC006D75EC /* WeatherService.swift */; };
		C6813FB829A5BAFA006D75EC /* Extension.swift in Sources */ = {isa = PBXBuildFile; fileRef = C6813FB729A5BAFA006D75EC /* Extension.swift */; };
		C6813FBA29A5BB01006D75EC /* Font.swift in Sources */ = {isa = PBXBuildFile; fileRef = C6813FB929A5BB01006D75EC /* Font.swift */; };
		C6813FBC29A5BB0C006D75EC /* Weather.swift in Sources */ = {isa = PBXBuildFile; fileRef = C6813FBB29A5BB0C006D75EC /* Weather.swift */; };
		C6813FBE29A5BB19006D75EC /* Hourly.swift in Sources */ = {isa = PBXBuildFile; fileRef = C6813FBD29A5BB19006D75EC /* Hourly.swift */; };
		E25605DA45182764FADC63AF /* Pods_Weather.framework in Frameworks */ = {isa = PBXBuildFile; fileRef = C4C89A2F744D2DA88CD782B1 /* Pods_Weather.framework */; };
/* End PBXBuildFile section */

/* Begin PBXContainerItemProxy section */
		C6813F8A29A5B9BD006D75EC /* PBXContainerItemProxy */ = {
			isa = PBXContainerItemProxy;
			containerPortal = C6813F6B29A5B9BC006D75EC /* Project object */;
			proxyType = 1;
			remoteGlobalIDString = C6813F7229A5B9BD006D75EC;
			remoteInfo = Weather;
		};
		C6813F9429A5B9BD006D75EC /* PBXContainerItemProxy */ = {
			isa = PBXContainerItemProxy;
			containerPortal = C6813F6B29A5B9BC006D75EC /* Project object */;
			proxyType = 1;
			remoteGlobalIDString = C6813F7229A5B9BD006D75EC;
			remoteInfo = Weather;
		};
/* End PBXContainerItemProxy section */

/* Begin PBXFileReference section */
		16ED8E9DF792125481F6AFCE /* Pods_WeatherTests.framework */ = {isa = PBXFileReference; explicitFileType = wrapper.framework; includeInIndex = 0; path = Pods_WeatherTests.framework; sourceTree = BUILT_PRODUCTS_DIR; };
		46ABF3A7F4C70B92C069F3C3 /* Pods-Weather-WeatherUITests.release.xcconfig */ = {isa = PBXFileReference; includeInIndex = 1; lastKnownFileType = text.xcconfig; name = "Pods-Weather-WeatherUITests.release.xcconfig"; path = "Target Support Files/Pods-Weather-WeatherUITests/Pods-Weather-WeatherUITests.release.xcconfig"; sourceTree = "<group>"; };
		8C7801682F41046CCC5B072D /* Pods_Weather_WeatherUITests.framework */ = {isa = PBXFileReference; explicitFileType = wrapper.framework; includeInIndex = 0; path = Pods_Weather_WeatherUITests.framework; sourceTree = BUILT_PRODUCTS_DIR; };
		B064778E97290D4EE9EB7D00 /* Pods-Weather-WeatherUITests.debug.xcconfig */ = {isa = PBXFileReference; includeInIndex = 1; lastKnownFileType = text.xcconfig; name = "Pods-Weather-WeatherUITests.debug.xcconfig"; path = "Target Support Files/Pods-Weather-WeatherUITests/Pods-Weather-WeatherUITests.debug.xcconfig"; sourceTree = "<group>"; };
		C0756F319A135CAEAFE62EA5 /* Pods-Weather.release.xcconfig */ = {isa = PBXFileReference; includeInIndex = 1; lastKnownFileType = text.xcconfig; name = "Pods-Weather.release.xcconfig"; path = "Target Support Files/Pods-Weather/Pods-Weather.release.xcconfig"; sourceTree = "<group>"; };
		C4C89A2F744D2DA88CD782B1 /* Pods_Weather.framework */ = {isa = PBXFileReference; explicitFileType = wrapper.framework; includeInIndex = 0; path = Pods_Weather.framework; sourceTree = BUILT_PRODUCTS_DIR; };
		C6813F7329A5B9BD006D75EC /* Weather.app */ = {isa = PBXFileReference; explicitFileType = wrapper.application; includeInIndex = 0; path = Weather.app; sourceTree = BUILT_PRODUCTS_DIR; };
		C6813F7629A5B9BD006D75EC /* AppDelegate.swift */ = {isa = PBXFileReference; lastKnownFileType = sourcecode.swift; path = AppDelegate.swift; sourceTree = "<group>"; };
		C6813F7829A5B9BD006D75EC /* SceneDelegate.swift */ = {isa = PBXFileReference; lastKnownFileType = sourcecode.swift; path = SceneDelegate.swift; sourceTree = "<group>"; };
		C6813F7A29A5B9BD006D75EC /* ViewController.swift */ = {isa = PBXFileReference; lastKnownFileType = sourcecode.swift; path = ViewController.swift; sourceTree = "<group>"; };
		C6813F7D29A5B9BD006D75EC /* Base */ = {isa = PBXFileReference; lastKnownFileType = file.storyboard; name = Base; path = Base.lproj/Main.storyboard; sourceTree = "<group>"; };
		C6813F7F29A5B9BD006D75EC /* Assets.xcassets */ = {isa = PBXFileReference; lastKnownFileType = folder.assetcatalog; path = Assets.xcassets; sourceTree = "<group>"; };
		C6813F8229A5B9BD006D75EC /* Base */ = {isa = PBXFileReference; lastKnownFileType = file.storyboard; name = Base; path = Base.lproj/LaunchScreen.storyboard; sourceTree = "<group>"; };
		C6813F8429A5B9BD006D75EC /* Info.plist */ = {isa = PBXFileReference; lastKnownFileType = text.plist.xml; path = Info.plist; sourceTree = "<group>"; };
		C6813F8929A5B9BD006D75EC /* WeatherTests.xctest */ = {isa = PBXFileReference; explicitFileType = wrapper.cfbundle; includeInIndex = 0; path = WeatherTests.xctest; sourceTree = BUILT_PRODUCTS_DIR; };
		C6813F8D29A5B9BD006D75EC /* WeatherTests.swift */ = {isa = PBXFileReference; lastKnownFileType = sourcecode.swift; path = WeatherTests.swift; sourceTree = "<group>"; };
		C6813F9329A5B9BD006D75EC /* WeatherUITests.xctest */ = {isa = PBXFileReference; explicitFileType = wrapper.cfbundle; includeInIndex = 0; path = WeatherUITests.xctest; sourceTree = BUILT_PRODUCTS_DIR; };
		C6813F9729A5B9BD006D75EC /* WeatherUITests.swift */ = {isa = PBXFileReference; lastKnownFileType = sourcecode.swift; path = WeatherUITests.swift; sourceTree = "<group>"; };
		C6813F9929A5B9BD006D75EC /* WeatherUITestsLaunchTests.swift */ = {isa = PBXFileReference; lastKnownFileType = sourcecode.swift; path = WeatherUITestsLaunchTests.swift; sourceTree = "<group>"; };
		C6813FAF29A5BABD006D75EC /* HourlyCell.swift */ = {isa = PBXFileReference; lastKnownFileType = sourcecode.swift; path = HourlyCell.swift; sourceTree = "<group>"; };
		C6813FB129A5BACA006D75EC /* SeparateLineView.swift */ = {isa = PBXFileReference; lastKnownFileType = sourcecode.swift; path = SeparateLineView.swift; sourceTree = "<group>"; };
		C6813FB329A5BAD5006D75EC /* WeatherView.swift */ = {isa = PBXFileReference; lastKnownFileType = sourcecode.swift; path = WeatherView.swift; sourceTree = "<group>"; };
		C6813FB529A5BAEC006D75EC /* WeatherService.swift */ = {isa = PBXFileReference; lastKnownFileType = sourcecode.swift; path = WeatherService.swift; sourceTree = "<group>"; };
		C6813FB729A5BAFA006D75EC /* Extension.swift */ = {isa = PBXFileReference; lastKnownFileType = sourcecode.swift; path = Extension.swift; sourceTree = "<group>"; };
		C6813FB929A5BB01006D75EC /* Font.swift */ = {isa = PBXFileReference; lastKnownFileType = sourcecode.swift; path = Font.swift; sourceTree = "<group>"; };
		C6813FBB29A5BB0C006D75EC /* Weather.swift */ = {isa = PBXFileReference; lastKnownFileType = sourcecode.swift; path = Weather.swift; sourceTree = "<group>"; };
		C6813FBD29A5BB19006D75EC /* Hourly.swift */ = {isa = PBXFileReference; lastKnownFileType = sourcecode.swift; path = Hourly.swift; sourceTree = "<group>"; };
		CC81CFB7B936CB79516DAC89 /* Pods-WeatherTests.release.xcconfig */ = {isa = PBXFileReference; includeInIndex = 1; lastKnownFileType = text.xcconfig; name = "Pods-WeatherTests.release.xcconfig"; path = "Target Support Files/Pods-WeatherTests/Pods-WeatherTests.release.xcconfig"; sourceTree = "<group>"; };
		E63686AD88262C7667730A5B /* Pods-Weather.debug.xcconfig */ = {isa = PBXFileReference; includeInIndex = 1; lastKnownFileType = text.xcconfig; name = "Pods-Weather.debug.xcconfig"; path = "Target Support Files/Pods-Weather/Pods-Weather.debug.xcconfig"; sourceTree = "<group>"; };
		FF9B03237AEE17457CE00A51 /* Pods-WeatherTests.debug.xcconfig */ = {isa = PBXFileReference; includeInIndex = 1; lastKnownFileType = text.xcconfig; name = "Pods-WeatherTests.debug.xcconfig"; path = "Target Support Files/Pods-WeatherTests/Pods-WeatherTests.debug.xcconfig"; sourceTree = "<group>"; };
/* End PBXFileReference section */

/* Begin PBXFrameworksBuildPhase section */
		C6813F7029A5B9BD006D75EC /* Frameworks */ = {
			isa = PBXFrameworksBuildPhase;
			buildActionMask = 2147483647;
			files = (
				E25605DA45182764FADC63AF /* Pods_Weather.framework in Frameworks */,
			);
			runOnlyForDeploymentPostprocessing = 0;
		};
		C6813F8629A5B9BD006D75EC /* Frameworks */ = {
			isa = PBXFrameworksBuildPhase;
			buildActionMask = 2147483647;
			files = (
				9660E4C257AC44C06C31ED40 /* Pods_WeatherTests.framework in Frameworks */,
			);
			runOnlyForDeploymentPostprocessing = 0;
		};
		C6813F9029A5B9BD006D75EC /* Frameworks */ = {
			isa = PBXFrameworksBuildPhase;
			buildActionMask = 2147483647;
			files = (
				9E93C6FC4F7AD7651A09CAAB /* Pods_Weather_WeatherUITests.framework in Frameworks */,
			);
			runOnlyForDeploymentPostprocessing = 0;
		};
/* End PBXFrameworksBuildPhase section */

/* Begin PBXGroup section */
		C6813F6A29A5B9BC006D75EC = {
			isa = PBXGroup;
			children = (
				C6813F7529A5B9BD006D75EC /* Weather */,
				C6813F8C29A5B9BD006D75EC /* WeatherTests */,
				C6813F9629A5B9BD006D75EC /* WeatherUITests */,
				C6813F7429A5B9BD006D75EC /* Products */,
				F9BAF5CD45D727DEE390ADCC /* Pods */,
				F02F7D27FAA479A608C4773A /* Frameworks */,
			);
			sourceTree = "<group>";
		};
		C6813F7429A5B9BD006D75EC /* Products */ = {
			isa = PBXGroup;
			children = (
				C6813F7329A5B9BD006D75EC /* Weather.app */,
				C6813F8929A5B9BD006D75EC /* WeatherTests.xctest */,
				C6813F9329A5B9BD006D75EC /* WeatherUITests.xctest */,
			);
			name = Products;
			sourceTree = "<group>";
		};
		C6813F7529A5B9BD006D75EC /* Weather */ = {
			isa = PBXGroup;
			children = (
				C6813FAC29A5BA34006D75EC /* Utils */,
				C6813FAB29A5BA31006D75EC /* Resources */,
				C6813FAA29A5BA27006D75EC /* Model */,
				C6813FA929A5BA25006D75EC /* View */,
				C6813FA829A5BA24006D75EC /* ViewModel */,
				C6813FAE29A5BA9B006D75EC /* Controller */,
				C6813FA629A5BA1B006D75EC /* API */,
				C6813F8429A5B9BD006D75EC /* Info.plist */,
			);
			path = Weather;
			sourceTree = "<group>";
		};
		C6813F8C29A5B9BD006D75EC /* WeatherTests */ = {
			isa = PBXGroup;
			children = (
				C6813F8D29A5B9BD006D75EC /* WeatherTests.swift */,
			);
			path = WeatherTests;
			sourceTree = "<group>";
		};
		C6813F9629A5B9BD006D75EC /* WeatherUITests */ = {
			isa = PBXGroup;
			children = (
				C6813F9729A5B9BD006D75EC /* WeatherUITests.swift */,
				C6813F9929A5B9BD006D75EC /* WeatherUITestsLaunchTests.swift */,
			);
			path = WeatherUITests;
			sourceTree = "<group>";
		};
		C6813FA629A5BA1B006D75EC /* API */ = {
			isa = PBXGroup;
			children = (
				C6813FB529A5BAEC006D75EC /* WeatherService.swift */,
			);
			path = API;
			sourceTree = "<group>";
		};
		C6813FA829A5BA24006D75EC /* ViewModel */ = {
			isa = PBXGroup;
			children = (
			);
			path = ViewModel;
			sourceTree = "<group>";
		};
		C6813FA929A5BA25006D75EC /* View */ = {
			isa = PBXGroup;
			children = (
				C6813FB329A5BAD5006D75EC /* WeatherView.swift */,
				C6813FB129A5BACA006D75EC /* SeparateLineView.swift */,
				C6813FAF29A5BABD006D75EC /* HourlyCell.swift */,
			);
			path = View;
			sourceTree = "<group>";
		};
		C6813FAA29A5BA27006D75EC /* Model */ = {
			isa = PBXGroup;
			children = (
				C6813FBB29A5BB0C006D75EC /* Weather.swift */,
				C6813FBD29A5BB19006D75EC /* Hourly.swift */,
			);
			path = Model;
			sourceTree = "<group>";
		};
		C6813FAB29A5BA31006D75EC /* Resources */ = {
			isa = PBXGroup;
			children = (
				C6813F7629A5B9BD006D75EC /* AppDelegate.swift */,
				C6813F7829A5B9BD006D75EC /* SceneDelegate.swift */,
				C6813F7C29A5B9BD006D75EC /* Main.storyboard */,
				C6813F7F29A5B9BD006D75EC /* Assets.xcassets */,
				C6813F8129A5B9BD006D75EC /* LaunchScreen.storyboard */,
			);
			path = Resources;
			sourceTree = "<group>";
		};
		C6813FAC29A5BA34006D75EC /* Utils */ = {
			isa = PBXGroup;
			children = (
				C6813FB729A5BAFA006D75EC /* Extension.swift */,
				C6813FB929A5BB01006D75EC /* Font.swift */,
			);
			path = Utils;
			sourceTree = "<group>";
		};
		C6813FAE29A5BA9B006D75EC /* Controller */ = {
			isa = PBXGroup;
			children = (
				C6813F7A29A5B9BD006D75EC /* ViewController.swift */,
			);
			path = Controller;
			sourceTree = "<group>";
		};
		F02F7D27FAA479A608C4773A /* Frameworks */ = {
			isa = PBXGroup;
			children = (
				C4C89A2F744D2DA88CD782B1 /* Pods_Weather.framework */,
				8C7801682F41046CCC5B072D /* Pods_Weather_WeatherUITests.framework */,
				16ED8E9DF792125481F6AFCE /* Pods_WeatherTests.framework */,
			);
			name = Frameworks;
			sourceTree = "<group>";
		};
		F9BAF5CD45D727DEE390ADCC /* Pods */ = {
			isa = PBXGroup;
			children = (
				E63686AD88262C7667730A5B /* Pods-Weather.debug.xcconfig */,
				C0756F319A135CAEAFE62EA5 /* Pods-Weather.release.xcconfig */,
				B064778E97290D4EE9EB7D00 /* Pods-Weather-WeatherUITests.debug.xcconfig */,
				46ABF3A7F4C70B92C069F3C3 /* Pods-Weather-WeatherUITests.release.xcconfig */,
				FF9B03237AEE17457CE00A51 /* Pods-WeatherTests.debug.xcconfig */,
				CC81CFB7B936CB79516DAC89 /* Pods-WeatherTests.release.xcconfig */,
			);
			path = Pods;
			sourceTree = "<group>";
		};
/* End PBXGroup section */

/* Begin PBXNativeTarget section */
		C6813F7229A5B9BD006D75EC /* Weather */ = {
			isa = PBXNativeTarget;
			buildConfigurationList = C6813F9D29A5B9BD006D75EC /* Build configuration list for PBXNativeTarget "Weather" */;
			buildPhases = (
				E3A3FF23039404D12B7FB38B /* [CP] Check Pods Manifest.lock */,
				C6813F6F29A5B9BD006D75EC /* Sources */,
				C6813F7029A5B9BD006D75EC /* Frameworks */,
				C6813F7129A5B9BD006D75EC /* Resources */,
				395AA0CBD6832F798C63A2AC /* [CP] Embed Pods Frameworks */,
			);
			buildRules = (
			);
			dependencies = (
			);
			name = Weather;
			productName = Weather;
			productReference = C6813F7329A5B9BD006D75EC /* Weather.app */;
			productType = "com.apple.product-type.application";
		};
		C6813F8829A5B9BD006D75EC /* WeatherTests */ = {
			isa = PBXNativeTarget;
			buildConfigurationList = C6813FA029A5B9BD006D75EC /* Build configuration list for PBXNativeTarget "WeatherTests" */;
			buildPhases = (
				5AD0B90E2BFC8AA1CA2C1BA6 /* [CP] Check Pods Manifest.lock */,
				C6813F8529A5B9BD006D75EC /* Sources */,
				C6813F8629A5B9BD006D75EC /* Frameworks */,
				C6813F8729A5B9BD006D75EC /* Resources */,
			);
			buildRules = (
			);
			dependencies = (
				C6813F8B29A5B9BD006D75EC /* PBXTargetDependency */,
			);
			name = WeatherTests;
			productName = WeatherTests;
			productReference = C6813F8929A5B9BD006D75EC /* WeatherTests.xctest */;
			productType = "com.apple.product-type.bundle.unit-test";
		};
		C6813F9229A5B9BD006D75EC /* WeatherUITests */ = {
			isa = PBXNativeTarget;
			buildConfigurationList = C6813FA329A5B9BD006D75EC /* Build configuration list for PBXNativeTarget "WeatherUITests" */;
			buildPhases = (
				A3618EE1410B4D6935D2AB55 /* [CP] Check Pods Manifest.lock */,
				C6813F8F29A5B9BD006D75EC /* Sources */,
				C6813F9029A5B9BD006D75EC /* Frameworks */,
				C6813F9129A5B9BD006D75EC /* Resources */,
				678E390455653FF26E14BBD3 /* [CP] Embed Pods Frameworks */,
			);
			buildRules = (
			);
			dependencies = (
				C6813F9529A5B9BD006D75EC /* PBXTargetDependency */,
			);
			name = WeatherUITests;
			productName = WeatherUITests;
			productReference = C6813F9329A5B9BD006D75EC /* WeatherUITests.xctest */;
			productType = "com.apple.product-type.bundle.ui-testing";
		};
/* End PBXNativeTarget section */

/* Begin PBXProject section */
		C6813F6B29A5B9BC006D75EC /* Project object */ = {
			isa = PBXProject;
			attributes = {
				BuildIndependentTargetsInParallel = 1;
				LastSwiftUpdateCheck = 1410;
				LastUpgradeCheck = 1410;
				TargetAttributes = {
					C6813F7229A5B9BD006D75EC = {
						CreatedOnToolsVersion = 14.1;
					};
					C6813F8829A5B9BD006D75EC = {
						CreatedOnToolsVersion = 14.1;
						TestTargetID = C6813F7229A5B9BD006D75EC;
					};
					C6813F9229A5B9BD006D75EC = {
						CreatedOnToolsVersion = 14.1;
						TestTargetID = C6813F7229A5B9BD006D75EC;
					};
				};
			};
			buildConfigurationList = C6813F6E29A5B9BC006D75EC /* Build configuration list for PBXProject "Weather" */;
			compatibilityVersion = "Xcode 14.0";
			developmentRegion = en;
			hasScannedForEncodings = 0;
			knownRegions = (
				en,
				Base,
			);
			mainGroup = C6813F6A29A5B9BC006D75EC;
			productRefGroup = C6813F7429A5B9BD006D75EC /* Products */;
			projectDirPath = "";
			projectRoot = "";
			targets = (
				C6813F7229A5B9BD006D75EC /* Weather */,
				C6813F8829A5B9BD006D75EC /* WeatherTests */,
				C6813F9229A5B9BD006D75EC /* WeatherUITests */,
			);
		};
/* End PBXProject section */

/* Begin PBXResourcesBuildPhase section */
		C6813F7129A5B9BD006D75EC /* Resources */ = {
			isa = PBXResourcesBuildPhase;
			buildActionMask = 2147483647;
			files = (
				C6813F8329A5B9BD006D75EC /* LaunchScreen.storyboard in Resources */,
				C6813F8029A5B9BD006D75EC /* Assets.xcassets in Resources */,
				C6813F7E29A5B9BD006D75EC /* Main.storyboard in Resources */,
			);
			runOnlyForDeploymentPostprocessing = 0;
		};
		C6813F8729A5B9BD006D75EC /* Resources */ = {
			isa = PBXResourcesBuildPhase;
			buildActionMask = 2147483647;
			files = (
			);
			runOnlyForDeploymentPostprocessing = 0;
		};
		C6813F9129A5B9BD006D75EC /* Resources */ = {
			isa = PBXResourcesBuildPhase;
			buildActionMask = 2147483647;
			files = (
			);
			runOnlyForDeploymentPostprocessing = 0;
		};
/* End PBXResourcesBuildPhase section */

/* Begin PBXShellScriptBuildPhase section */
		395AA0CBD6832F798C63A2AC /* [CP] Embed Pods Frameworks */ = {
			isa = PBXShellScriptBuildPhase;
			buildActionMask = 2147483647;
			files = (
			);
			inputFileListPaths = (
				"${PODS_ROOT}/Target Support Files/Pods-Weather/Pods-Weather-frameworks-${CONFIGURATION}-input-files.xcfilelist",
			);
			name = "[CP] Embed Pods Frameworks";
			outputFileListPaths = (
				"${PODS_ROOT}/Target Support Files/Pods-Weather/Pods-Weather-frameworks-${CONFIGURATION}-output-files.xcfilelist",
			);
			runOnlyForDeploymentPostprocessing = 0;
			shellPath = /bin/sh;
			shellScript = "\"${PODS_ROOT}/Target Support Files/Pods-Weather/Pods-Weather-frameworks.sh\"\n";
			showEnvVarsInLog = 0;
		};
		5AD0B90E2BFC8AA1CA2C1BA6 /* [CP] Check Pods Manifest.lock */ = {
			isa = PBXShellScriptBuildPhase;
			buildActionMask = 2147483647;
			files = (
			);
			inputFileListPaths = (
			);
			inputPaths = (
				"${PODS_PODFILE_DIR_PATH}/Podfile.lock",
				"${PODS_ROOT}/Manifest.lock",
			);
			name = "[CP] Check Pods Manifest.lock";
			outputFileListPaths = (
			);
			outputPaths = (
				"$(DERIVED_FILE_DIR)/Pods-WeatherTests-checkManifestLockResult.txt",
			);
			runOnlyForDeploymentPostprocessing = 0;
			shellPath = /bin/sh;
			shellScript = "diff \"${PODS_PODFILE_DIR_PATH}/Podfile.lock\" \"${PODS_ROOT}/Manifest.lock\" > /dev/null\nif [ $? != 0 ] ; then\n    # print error to STDERR\n    echo \"error: The sandbox is not in sync with the Podfile.lock. Run 'pod install' or update your CocoaPods installation.\" >&2\n    exit 1\nfi\n# This output is used by Xcode 'outputs' to avoid re-running this script phase.\necho \"SUCCESS\" > \"${SCRIPT_OUTPUT_FILE_0}\"\n";
			showEnvVarsInLog = 0;
		};
		678E390455653FF26E14BBD3 /* [CP] Embed Pods Frameworks */ = {
			isa = PBXShellScriptBuildPhase;
			buildActionMask = 2147483647;
			files = (
			);
			inputFileListPaths = (
				"${PODS_ROOT}/Target Support Files/Pods-Weather-WeatherUITests/Pods-Weather-WeatherUITests-frameworks-${CONFIGURATION}-input-files.xcfilelist",
			);
			name = "[CP] Embed Pods Frameworks";
			outputFileListPaths = (
				"${PODS_ROOT}/Target Support Files/Pods-Weather-WeatherUITests/Pods-Weather-WeatherUITests-frameworks-${CONFIGURATION}-output-files.xcfilelist",
			);
			runOnlyForDeploymentPostprocessing = 0;
			shellPath = /bin/sh;
			shellScript = "\"${PODS_ROOT}/Target Support Files/Pods-Weather-WeatherUITests/Pods-Weather-WeatherUITests-frameworks.sh\"\n";
			showEnvVarsInLog = 0;
		};
		A3618EE1410B4D6935D2AB55 /* [CP] Check Pods Manifest.lock */ = {
			isa = PBXShellScriptBuildPhase;
			buildActionMask = 2147483647;
			files = (
			);
			inputFileListPaths = (
			);
			inputPaths = (
				"${PODS_PODFILE_DIR_PATH}/Podfile.lock",
				"${PODS_ROOT}/Manifest.lock",
			);
			name = "[CP] Check Pods Manifest.lock";
			outputFileListPaths = (
			);
			outputPaths = (
				"$(DERIVED_FILE_DIR)/Pods-Weather-WeatherUITests-checkManifestLockResult.txt",
			);
			runOnlyForDeploymentPostprocessing = 0;
			shellPath = /bin/sh;
			shellScript = "diff \"${PODS_PODFILE_DIR_PATH}/Podfile.lock\" \"${PODS_ROOT}/Manifest.lock\" > /dev/null\nif [ $? != 0 ] ; then\n    # print error to STDERR\n    echo \"error: The sandbox is not in sync with the Podfile.lock. Run 'pod install' or update your CocoaPods installation.\" >&2\n    exit 1\nfi\n# This output is used by Xcode 'outputs' to avoid re-running this script phase.\necho \"SUCCESS\" > \"${SCRIPT_OUTPUT_FILE_0}\"\n";
			showEnvVarsInLog = 0;
		};
		E3A3FF23039404D12B7FB38B /* [CP] Check Pods Manifest.lock */ = {
			isa = PBXShellScriptBuildPhase;
			buildActionMask = 2147483647;
			files = (
			);
			inputFileListPaths = (
			);
			inputPaths = (
				"${PODS_PODFILE_DIR_PATH}/Podfile.lock",
				"${PODS_ROOT}/Manifest.lock",
			);
			name = "[CP] Check Pods Manifest.lock";
			outputFileListPaths = (
			);
			outputPaths = (
				"$(DERIVED_FILE_DIR)/Pods-Weather-checkManifestLockResult.txt",
			);
			runOnlyForDeploymentPostprocessing = 0;
			shellPath = /bin/sh;
			shellScript = "diff \"${PODS_PODFILE_DIR_PATH}/Podfile.lock\" \"${PODS_ROOT}/Manifest.lock\" > /dev/null\nif [ $? != 0 ] ; then\n    # print error to STDERR\n    echo \"error: The sandbox is not in sync with the Podfile.lock. Run 'pod install' or update your CocoaPods installation.\" >&2\n    exit 1\nfi\n# This output is used by Xcode 'outputs' to avoid re-running this script phase.\necho \"SUCCESS\" > \"${SCRIPT_OUTPUT_FILE_0}\"\n";
			showEnvVarsInLog = 0;
		};
/* End PBXShellScriptBuildPhase section */

/* Begin PBXSourcesBuildPhase section */
		C6813F6F29A5B9BD006D75EC /* Sources */ = {
			isa = PBXSourcesBuildPhase;
			buildActionMask = 2147483647;
			files = (
				C6813FBE29A5BB19006D75EC /* Hourly.swift in Sources */,
				C6813F7B29A5B9BD006D75EC /* ViewController.swift in Sources */,
				C6813F7729A5B9BD006D75EC /* AppDelegate.swift in Sources */,
				C6813FB029A5BABD006D75EC /* HourlyCell.swift in Sources */,
				C6813FB429A5BAD5006D75EC /* WeatherView.swift in Sources */,
				C6813FBC29A5BB0C006D75EC /* Weather.swift in Sources */,
				C6813F7929A5B9BD006D75EC /* SceneDelegate.swift in Sources */,
				C6813FBA29A5BB01006D75EC /* Font.swift in Sources */,
				C6813FB229A5BACA006D75EC /* SeparateLineView.swift in Sources */,
				C6813FB629A5BAEC006D75EC /* WeatherService.swift in Sources */,
				C6813FB829A5BAFA006D75EC /* Extension.swift in Sources */,
			);
			runOnlyForDeploymentPostprocessing = 0;
		};
		C6813F8529A5B9BD006D75EC /* Sources */ = {
			isa = PBXSourcesBuildPhase;
			buildActionMask = 2147483647;
			files = (
				C6813F8E29A5B9BD006D75EC /* WeatherTests.swift in Sources */,
			);
			runOnlyForDeploymentPostprocessing = 0;
		};
		C6813F8F29A5B9BD006D75EC /* Sources */ = {
			isa = PBXSourcesBuildPhase;
			buildActionMask = 2147483647;
			files = (
				C6813F9829A5B9BD006D75EC /* WeatherUITests.swift in Sources */,
				C6813F9A29A5B9BD006D75EC /* WeatherUITestsLaunchTests.swift in Sources */,
			);
			runOnlyForDeploymentPostprocessing = 0;
		};
/* End PBXSourcesBuildPhase section */

/* Begin PBXTargetDependency section */
		C6813F8B29A5B9BD006D75EC /* PBXTargetDependency */ = {
			isa = PBXTargetDependency;
			target = C6813F7229A5B9BD006D75EC /* Weather */;
			targetProxy = C6813F8A29A5B9BD006D75EC /* PBXContainerItemProxy */;
		};
		C6813F9529A5B9BD006D75EC /* PBXTargetDependency */ = {
			isa = PBXTargetDependency;
			target = C6813F7229A5B9BD006D75EC /* Weather */;
			targetProxy = C6813F9429A5B9BD006D75EC /* PBXContainerItemProxy */;
		};
/* End PBXTargetDependency section */

/* Begin PBXVariantGroup section */
		C6813F7C29A5B9BD006D75EC /* Main.storyboard */ = {
			isa = PBXVariantGroup;
			children = (
				C6813F7D29A5B9BD006D75EC /* Base */,
			);
			name = Main.storyboard;
			sourceTree = "<group>";
		};
		C6813F8129A5B9BD006D75EC /* LaunchScreen.storyboard */ = {
			isa = PBXVariantGroup;
			children = (
				C6813F8229A5B9BD006D75EC /* Base */,
			);
			name = LaunchScreen.storyboard;
			sourceTree = "<group>";
		};
/* End PBXVariantGroup section */

/* Begin XCBuildConfiguration section */
		C6813F9B29A5B9BD006D75EC /* Debug */ = {
			isa = XCBuildConfiguration;
			buildSettings = {
				ALWAYS_SEARCH_USER_PATHS = NO;
				CLANG_ANALYZER_NONNULL = YES;
				CLANG_ANALYZER_NUMBER_OBJECT_CONVERSION = YES_AGGRESSIVE;
				CLANG_CXX_LANGUAGE_STANDARD = "gnu++20";
				CLANG_ENABLE_MODULES = YES;
				CLANG_ENABLE_OBJC_ARC = YES;
				CLANG_ENABLE_OBJC_WEAK = YES;
				CLANG_WARN_BLOCK_CAPTURE_AUTORELEASING = YES;
				CLANG_WARN_BOOL_CONVERSION = YES;
				CLANG_WARN_COMMA = YES;
				CLANG_WARN_CONSTANT_CONVERSION = YES;
				CLANG_WARN_DEPRECATED_OBJC_IMPLEMENTATIONS = YES;
				CLANG_WARN_DIRECT_OBJC_ISA_USAGE = YES_ERROR;
				CLANG_WARN_DOCUMENTATION_COMMENTS = YES;
				CLANG_WARN_EMPTY_BODY = YES;
				CLANG_WARN_ENUM_CONVERSION = YES;
				CLANG_WARN_INFINITE_RECURSION = YES;
				CLANG_WARN_INT_CONVERSION = YES;
				CLANG_WARN_NON_LITERAL_NULL_CONVERSION = YES;
				CLANG_WARN_OBJC_IMPLICIT_RETAIN_SELF = YES;
				CLANG_WARN_OBJC_LITERAL_CONVERSION = YES;
				CLANG_WARN_OBJC_ROOT_CLASS = YES_ERROR;
				CLANG_WARN_QUOTED_INCLUDE_IN_FRAMEWORK_HEADER = YES;
				CLANG_WARN_RANGE_LOOP_ANALYSIS = YES;
				CLANG_WARN_STRICT_PROTOTYPES = YES;
				CLANG_WARN_SUSPICIOUS_MOVE = YES;
				CLANG_WARN_UNGUARDED_AVAILABILITY = YES_AGGRESSIVE;
				CLANG_WARN_UNREACHABLE_CODE = YES;
				CLANG_WARN__DUPLICATE_METHOD_MATCH = YES;
				COPY_PHASE_STRIP = NO;
				DEBUG_INFORMATION_FORMAT = dwarf;
				ENABLE_STRICT_OBJC_MSGSEND = YES;
				ENABLE_TESTABILITY = YES;
				GCC_C_LANGUAGE_STANDARD = gnu11;
				GCC_DYNAMIC_NO_PIC = NO;
				GCC_NO_COMMON_BLOCKS = YES;
				GCC_OPTIMIZATION_LEVEL = 0;
				GCC_PREPROCESSOR_DEFINITIONS = (
					"DEBUG=1",
					"$(inherited)",
				);
				GCC_WARN_64_TO_32_BIT_CONVERSION = YES;
				GCC_WARN_ABOUT_RETURN_TYPE = YES_ERROR;
				GCC_WARN_UNDECLARED_SELECTOR = YES;
				GCC_WARN_UNINITIALIZED_AUTOS = YES_AGGRESSIVE;
				GCC_WARN_UNUSED_FUNCTION = YES;
				GCC_WARN_UNUSED_VARIABLE = YES;
				IPHONEOS_DEPLOYMENT_TARGET = 16.1;
				MTL_ENABLE_DEBUG_INFO = INCLUDE_SOURCE;
				MTL_FAST_MATH = YES;
				ONLY_ACTIVE_ARCH = YES;
				SDKROOT = iphoneos;
				SWIFT_ACTIVE_COMPILATION_CONDITIONS = DEBUG;
				SWIFT_OPTIMIZATION_LEVEL = "-Onone";
			};
			name = Debug;
		};
		C6813F9C29A5B9BD006D75EC /* Release */ = {
			isa = XCBuildConfiguration;
			buildSettings = {
				ALWAYS_SEARCH_USER_PATHS = NO;
				CLANG_ANALYZER_NONNULL = YES;
				CLANG_ANALYZER_NUMBER_OBJECT_CONVERSION = YES_AGGRESSIVE;
				CLANG_CXX_LANGUAGE_STANDARD = "gnu++20";
				CLANG_ENABLE_MODULES = YES;
				CLANG_ENABLE_OBJC_ARC = YES;
				CLANG_ENABLE_OBJC_WEAK = YES;
				CLANG_WARN_BLOCK_CAPTURE_AUTORELEASING = YES;
				CLANG_WARN_BOOL_CONVERSION = YES;
				CLANG_WARN_COMMA = YES;
				CLANG_WARN_CONSTANT_CONVERSION = YES;
				CLANG_WARN_DEPRECATED_OBJC_IMPLEMENTATIONS = YES;
				CLANG_WARN_DIRECT_OBJC_ISA_USAGE = YES_ERROR;
				CLANG_WARN_DOCUMENTATION_COMMENTS = YES;
				CLANG_WARN_EMPTY_BODY = YES;
				CLANG_WARN_ENUM_CONVERSION = YES;
				CLANG_WARN_INFINITE_RECURSION = YES;
				CLANG_WARN_INT_CONVERSION = YES;
				CLANG_WARN_NON_LITERAL_NULL_CONVERSION = YES;
				CLANG_WARN_OBJC_IMPLICIT_RETAIN_SELF = YES;
				CLANG_WARN_OBJC_LITERAL_CONVERSION = YES;
				CLANG_WARN_OBJC_ROOT_CLASS = YES_ERROR;
				CLANG_WARN_QUOTED_INCLUDE_IN_FRAMEWORK_HEADER = YES;
				CLANG_WARN_RANGE_LOOP_ANALYSIS = YES;
				CLANG_WARN_STRICT_PROTOTYPES = YES;
				CLANG_WARN_SUSPICIOUS_MOVE = YES;
				CLANG_WARN_UNGUARDED_AVAILABILITY = YES_AGGRESSIVE;
				CLANG_WARN_UNREACHABLE_CODE = YES;
				CLANG_WARN__DUPLICATE_METHOD_MATCH = YES;
				COPY_PHASE_STRIP = NO;
				DEBUG_INFORMATION_FORMAT = "dwarf-with-dsym";
				ENABLE_NS_ASSERTIONS = NO;
				ENABLE_STRICT_OBJC_MSGSEND = YES;
				GCC_C_LANGUAGE_STANDARD = gnu11;
				GCC_NO_COMMON_BLOCKS = YES;
				GCC_WARN_64_TO_32_BIT_CONVERSION = YES;
				GCC_WARN_ABOUT_RETURN_TYPE = YES_ERROR;
				GCC_WARN_UNDECLARED_SELECTOR = YES;
				GCC_WARN_UNINITIALIZED_AUTOS = YES_AGGRESSIVE;
				GCC_WARN_UNUSED_FUNCTION = YES;
				GCC_WARN_UNUSED_VARIABLE = YES;
				IPHONEOS_DEPLOYMENT_TARGET = 16.1;
				MTL_ENABLE_DEBUG_INFO = NO;
				MTL_FAST_MATH = YES;
				SDKROOT = iphoneos;
				SWIFT_COMPILATION_MODE = wholemodule;
				SWIFT_OPTIMIZATION_LEVEL = "-O";
				VALIDATE_PRODUCT = YES;
			};
			name = Release;
		};
		C6813F9E29A5B9BD006D75EC /* Debug */ = {
			isa = XCBuildConfiguration;
			baseConfigurationReference = E63686AD88262C7667730A5B /* Pods-Weather.debug.xcconfig */;
			buildSettings = {
				ASSETCATALOG_COMPILER_APPICON_NAME = AppIcon;
				ASSETCATALOG_COMPILER_GLOBAL_ACCENT_COLOR_NAME = AccentColor;
				CODE_SIGN_STYLE = Automatic;
				CURRENT_PROJECT_VERSION = 1;
				DEVELOPMENT_TEAM = 69M4234YMH;
				GENERATE_INFOPLIST_FILE = YES;
				INFOPLIST_FILE = Weather/Info.plist;
				INFOPLIST_KEY_UIApplicationSupportsIndirectInputEvents = YES;
				INFOPLIST_KEY_UILaunchStoryboardName = LaunchScreen;
				INFOPLIST_KEY_UIMainStoryboardFile = Main;
				INFOPLIST_KEY_UISupportedInterfaceOrientations_iPad = "UIInterfaceOrientationPortrait UIInterfaceOrientationPortraitUpsideDown UIInterfaceOrientationLandscapeLeft UIInterfaceOrientationLandscapeRight";
				INFOPLIST_KEY_UISupportedInterfaceOrientations_iPhone = "UIInterfaceOrientationPortrait UIInterfaceOrientationLandscapeLeft UIInterfaceOrientationLandscapeRight";
				IPHONEOS_DEPLOYMENT_TARGET = 15.0;
				LD_RUNPATH_SEARCH_PATHS = (
					"$(inherited)",
					"@executable_path/Frameworks",
				);
				MARKETING_VERSION = 1.0;
				PRODUCT_BUNDLE_IDENTIFIER = com.bas.Weather;
				PRODUCT_NAME = "$(TARGET_NAME)";
				SWIFT_EMIT_LOC_STRINGS = YES;
				SWIFT_VERSION = 5.0;
				TARGETED_DEVICE_FAMILY = "1,2";
			};
			name = Debug;
		};
		C6813F9F29A5B9BD006D75EC /* Release */ = {
			isa = XCBuildConfiguration;
			baseConfigurationReference = C0756F319A135CAEAFE62EA5 /* Pods-Weather.release.xcconfig */;
			buildSettings = {
				ASSETCATALOG_COMPILER_APPICON_NAME = AppIcon;
				ASSETCATALOG_COMPILER_GLOBAL_ACCENT_COLOR_NAME = AccentColor;
				CODE_SIGN_STYLE = Automatic;
				CURRENT_PROJECT_VERSION = 1;
				DEVELOPMENT_TEAM = 69M4234YMH;
				GENERATE_INFOPLIST_FILE = YES;
				INFOPLIST_FILE = Weather/Info.plist;
				INFOPLIST_KEY_UIApplicationSupportsIndirectInputEvents = YES;
				INFOPLIST_KEY_UILaunchStoryboardName = LaunchScreen;
				INFOPLIST_KEY_UIMainStoryboardFile = Main;
				INFOPLIST_KEY_UISupportedInterfaceOrientations_iPad = "UIInterfaceOrientationPortrait UIInterfaceOrientationPortraitUpsideDown UIInterfaceOrientationLandscapeLeft UIInterfaceOrientationLandscapeRight";
				INFOPLIST_KEY_UISupportedInterfaceOrientations_iPhone = "UIInterfaceOrientationPortrait UIInterfaceOrientationLandscapeLeft UIInterfaceOrientationLandscapeRight";
				IPHONEOS_DEPLOYMENT_TARGET = 15.0;
				LD_RUNPATH_SEARCH_PATHS = (
					"$(inherited)",
					"@executable_path/Frameworks",
				);
				MARKETING_VERSION = 1.0;
				PRODUCT_BUNDLE_IDENTIFIER = com.bas.Weather;
				PRODUCT_NAME = "$(TARGET_NAME)";
				SWIFT_EMIT_LOC_STRINGS = YES;
				SWIFT_VERSION = 5.0;
				TARGETED_DEVICE_FAMILY = "1,2";
			};
			name = Release;
		};
		C6813FA129A5B9BD006D75EC /* Debug */ = {
			isa = XCBuildConfiguration;
			baseConfigurationReference = FF9B03237AEE17457CE00A51 /* Pods-WeatherTests.debug.xcconfig */;
			buildSettings = {
				ALWAYS_EMBED_SWIFT_STANDARD_LIBRARIES = YES;
				BUNDLE_LOADER = "$(TEST_HOST)";
				CODE_SIGN_STYLE = Automatic;
				CURRENT_PROJECT_VERSION = 1;
				DEVELOPMENT_TEAM = 69M4234YMH;
				GENERATE_INFOPLIST_FILE = YES;
				IPHONEOS_DEPLOYMENT_TARGET = 16.1;
				MARKETING_VERSION = 1.0;
				PRODUCT_BUNDLE_IDENTIFIER = com.bas.WeatherTests;
				PRODUCT_NAME = "$(TARGET_NAME)";
				SWIFT_EMIT_LOC_STRINGS = NO;
				SWIFT_VERSION = 5.0;
				TARGETED_DEVICE_FAMILY = "1,2";
				TEST_HOST = "$(BUILT_PRODUCTS_DIR)/Weather.app/$(BUNDLE_EXECUTABLE_FOLDER_PATH)/Weather";
			};
			name = Debug;
		};
		C6813FA229A5B9BD006D75EC /* Release */ = {
			isa = XCBuildConfiguration;
			baseConfigurationReference = CC81CFB7B936CB79516DAC89 /* Pods-WeatherTests.release.xcconfig */;
			buildSettings = {
				ALWAYS_EMBED_SWIFT_STANDARD_LIBRARIES = YES;
				BUNDLE_LOADER = "$(TEST_HOST)";
				CODE_SIGN_STYLE = Automatic;
				CURRENT_PROJECT_VERSION = 1;
				DEVELOPMENT_TEAM = 69M4234YMH;
				GENERATE_INFOPLIST_FILE = YES;
				IPHONEOS_DEPLOYMENT_TARGET = 16.1;
				MARKETING_VERSION = 1.0;
				PRODUCT_BUNDLE_IDENTIFIER = com.bas.WeatherTests;
				PRODUCT_NAME = "$(TARGET_NAME)";
				SWIFT_EMIT_LOC_STRINGS = NO;
				SWIFT_VERSION = 5.0;
				TARGETED_DEVICE_FAMILY = "1,2";
				TEST_HOST = "$(BUILT_PRODUCTS_DIR)/Weather.app/$(BUNDLE_EXECUTABLE_FOLDER_PATH)/Weather";
			};
			name = Release;
		};
		C6813FA429A5B9BD006D75EC /* Debug */ = {
			isa = XCBuildConfiguration;
			baseConfigurationReference = B064778E97290D4EE9EB7D00 /* Pods-Weather-WeatherUITests.debug.xcconfig */;
			buildSettings = {
				ALWAYS_EMBED_SWIFT_STANDARD_LIBRARIES = YES;
				CODE_SIGN_STYLE = Automatic;
				CURRENT_PROJECT_VERSION = 1;
				DEVELOPMENT_TEAM = 69M4234YMH;
				GENERATE_INFOPLIST_FILE = YES;
				MARKETING_VERSION = 1.0;
				PRODUCT_BUNDLE_IDENTIFIER = com.bas.WeatherUITests;
				PRODUCT_NAME = "$(TARGET_NAME)";
				SWIFT_EMIT_LOC_STRINGS = NO;
				SWIFT_VERSION = 5.0;
				TARGETED_DEVICE_FAMILY = "1,2";
				TEST_TARGET_NAME = Weather;
			};
			name = Debug;
		};
		C6813FA529A5B9BD006D75EC /* Release */ = {
			isa = XCBuildConfiguration;
			baseConfigurationReference = 46ABF3A7F4C70B92C069F3C3 /* Pods-Weather-WeatherUITests.release.xcconfig */;
			buildSettings = {
				ALWAYS_EMBED_SWIFT_STANDARD_LIBRARIES = YES;
				CODE_SIGN_STYLE = Automatic;
				CURRENT_PROJECT_VERSION = 1;
				DEVELOPMENT_TEAM = 69M4234YMH;
				GENERATE_INFOPLIST_FILE = YES;
				MARKETING_VERSION = 1.0;
				PRODUCT_BUNDLE_IDENTIFIER = com.bas.WeatherUITests;
				PRODUCT_NAME = "$(TARGET_NAME)";
				SWIFT_EMIT_LOC_STRINGS = NO;
				SWIFT_VERSION = 5.0;
				TARGETED_DEVICE_FAMILY = "1,2";
				TEST_TARGET_NAME = Weather;
			};
			name = Release;
		};
/* End XCBuildConfiguration section */

/* Begin XCConfigurationList section */
		C6813F6E29A5B9BC006D75EC /* Build configuration list for PBXProject "Weather" */ = {
			isa = XCConfigurationList;
			buildConfigurations = (
				C6813F9B29A5B9BD006D75EC /* Debug */,
				C6813F9C29A5B9BD006D75EC /* Release */,
			);
			defaultConfigurationIsVisible = 0;
			defaultConfigurationName = Release;
		};
		C6813F9D29A5B9BD006D75EC /* Build configuration list for PBXNativeTarget "Weather" */ = {
			isa = XCConfigurationList;
			buildConfigurations = (
				C6813F9E29A5B9BD006D75EC /* Debug */,
				C6813F9F29A5B9BD006D75EC /* Release */,
			);
			defaultConfigurationIsVisible = 0;
			defaultConfigurationName = Release;
		};
		C6813FA029A5B9BD006D75EC /* Build configuration list for PBXNativeTarget "WeatherTests" */ = {
			isa = XCConfigurationList;
			buildConfigurations = (
				C6813FA129A5B9BD006D75EC /* Debug */,
				C6813FA229A5B9BD006D75EC /* Release */,
			);
			defaultConfigurationIsVisible = 0;
			defaultConfigurationName = Release;
		};
		C6813FA329A5B9BD006D75EC /* Build configuration list for PBXNativeTarget "WeatherUITests" */ = {
			isa = XCConfigurationList;
			buildConfigurations = (
				C6813FA429A5B9BD006D75EC /* Debug */,
				C6813FA529A5B9BD006D75EC /* Release */,
			);
			defaultConfigurationIsVisible = 0;
			defaultConfigurationName = Release;
		};
/* End XCConfigurationList section */
	};
	rootObject = C6813F6B29A5B9BC006D75EC /* Project object */;
}
