// !$*UTF8*$!
{
	archiveVersion = 1;
	classes = {
	};
	objectVersion = 56;
	objects = {

/* Begin PBXBuildFile section */
		C6813F7729A5B9BD006D75EC /* AppDelegate.swift in Sources */ = {isa = PBXBuildFile; fileRef = C6813F7629A5B9BD006D75EC /* AppDelegate.swift */; };
		C6813F7929A5B9BD006D75EC /* SceneDelegate.swift in Sources */ = {isa = PBXBuildFile; fileRef = C6813F7829A5B9BD006D75EC /* SceneDelegate.swift */; };
		C6813F7B29A5B9BD006D75EC /* ViewController.swift in Sources */ = {isa = PBXBuildFile; fileRef = C6813F7A29A5B9BD006D75EC /* ViewController.swift */; };
		C6813F7E29A5B9BD006D75EC /* Main.storyboard in Resources */ = {isa = PBXBuildFile; fileRef = C6813F7C29A5B9BD006D75EC /* Main.storyboard */; };
		C6813F8029A5B9BD006D75EC /* Assets.xcassets in Resources */ = {isa = PBXBuildFile; fileRef = C6813F7F29A5B9BD006D75EC /* Assets.xcassets */; };
		C6813F8329A5B9BD006D75EC /* LaunchScreen.storyboard in Resources */ = {isa = PBXBuildFile; fileRef = C6813F8129A5B9BD006D75EC /* LaunchScreen.storyboard */; };
		C6813F8E29A5B9BD006D75EC /* WeatherTests.swift in Sources */ = {isa = PBXBuildFile; fileRef = C6813F8D29A5B9BD006D75EC /* WeatherTests.swift */; };
		C6813F9829A5B9BD006D75EC /* WeatherUITests.swift in Sources */ = {isa = PBXBuildFile; fileRef = C6813F9729A5B9BD006D75EC /* WeatherUITests.swift */; };
		C6813F9A29A5B9BD006D75EC /* WeatherUITestsLaunchTests.swift in Sources */ = {isa = PBXBuildFile; fileRef = C6813F9929A5B9BD006D75EC /* WeatherUITestsLaunchTests.swift */; };
/* End PBXBuildFile section */

/* Begin PBXContainerItemProxy section */
		C6813F8A29A5B9BD006D75EC /* PBXContainerItemProxy */ = {
			isa = PBXContainerItemProxy;
			containerPortal = C6813F6B29A5B9BC006D75EC /* Project object */;
			proxyType = 1;
			remoteGlobalIDString = C6813F7229A5B9BD006D75EC;
			remoteInfo = Weather;
		};
		C6813F9429A5B9BD006D75EC /* PBXContainerItemProxy */ = {
			isa = PBXContainerItemProxy;
			containerPortal = C6813F6B29A5B9BC006D75EC /* Project object */;
			proxyType = 1;
			remoteGlobalIDString = C6813F7229A5B9BD006D75EC;
			remoteInfo = Weather;
		};
/* End PBXContainerItemProxy section */

/* Begin PBXFileReference section */
		C6813F7329A5B9BD006D75EC /* Weather.app */ = {isa = PBXFileReference; explicitFileType = wrapper.application; includeInIndex = 0; path = Weather.app; sourceTree = BUILT_PRODUCTS_DIR; };
		C6813F7629A5B9BD006D75EC /* AppDelegate.swift */ = {isa = PBXFileReference; lastKnownFileType = sourcecode.swift; path = AppDelegate.swift; sourceTree = "<group>"; };
		C6813F7829A5B9BD006D75EC /* SceneDelegate.swift */ = {isa = PBXFileReference; lastKnownFileType = sourcecode.swift; path = SceneDelegate.swift; sourceTree = "<group>"; };
		C6813F7A29A5B9BD006D75EC /* ViewController.swift */ = {isa = PBXFileReference; lastKnownFileType = sourcecode.swift; path = ViewController.swift; sourceTree = "<group>"; };
		C6813F7D29A5B9BD006D75EC /* Base */ = {isa = PBXFileReference; lastKnownFileType = file.storyboard; name = Base; path = Base.lproj/Main.storyboard; sourceTree = "<group>"; };
		C6813F7F29A5B9BD006D75EC /* Assets.xcassets */ = {isa = PBXFileReference; lastKnownFileType = folder.assetcatalog; path = Assets.xcassets; sourceTree = "<group>"; };
		C6813F8229A5B9BD006D75EC /* Base */ = {isa = PBXFileReference; lastKnownFileType = file.storyboard; name = Base; path = Base.lproj/LaunchScreen.storyboard; sourceTree = "<group>"; };
		C6813F8429A5B9BD006D75EC /* Info.plist */ = {isa = PBXFileReference; lastKnownFileType = text.plist.xml; path = Info.plist; sourceTree = "<group>"; };
		C6813F8929A5B9BD006D75EC /* WeatherTests.xctest */ = {isa = PBXFileReference; explicitFileType = wrapper.cfbundle; includeInIndex = 0; path = WeatherTests.xctest; sourceTree = BUILT_PRODUCTS_DIR; };
		C6813F8D29A5B9BD006D75EC /* WeatherTests.swift */ = {isa = PBXFileReference; lastKnownFileType = sourcecode.swift; path = WeatherTests.swift; sourceTree = "<group>"; };
		C6813F9329A5B9BD006D75EC /* WeatherUITests.xctest */ = {isa = PBXFileReference; explicitFileType = wrapper.cfbundle; includeInIndex = 0; path = WeatherUITests.xctest; sourceTree = BUILT_PRODUCTS_DIR; };
		C6813F9729A5B9BD006D75EC /* WeatherUITests.swift */ = {isa = PBXFileReference; lastKnownFileType = sourcecode.swift; path = WeatherUITests.swift; sourceTree = "<group>"; };
		C6813F9929A5B9BD006D75EC /* WeatherUITestsLaunchTests.swift */ = {isa = PBXFileReference; lastKnownFileType = sourcecode.swift; path = WeatherUITestsLaunchTests.swift; sourceTree = "<group>"; };
/* End PBXFileReference section */

/* Begin PBXFrameworksBuildPhase section */
		C6813F7029A5B9BD006D75EC /* Frameworks */ = {
			isa = PBXFrameworksBuildPhase;
			buildActionMask = 2147483647;
			files = (
			);
			runOnlyForDeploymentPostprocessing = 0;
		};
		C6813F8629A5B9BD006D75EC /* Frameworks */ = {
			isa = PBXFrameworksBuildPhase;
			buildActionMask = 2147483647;
			files = (
			);
			runOnlyForDeploymentPostprocessing = 0;
		};
		C6813F9029A5B9BD006D75EC /* Frameworks */ = {
			isa = PBXFrameworksBuildPhase;
			buildActionMask = 2147483647;
			files = (
			);
			runOnlyForDeploymentPostprocessing = 0;
		};
/* End PBXFrameworksBuildPhase section */

/* Begin PBXGroup section */
		C6813F6A29A5B9BC006D75EC = {
			isa = PBXGroup;
			children = (
				C6813F7529A5B9BD006D75EC /* Weather */,
				C6813F8C29A5B9BD006D75EC /* WeatherTests */,
				C6813F9629A5B9BD006D75EC /* WeatherUITests */,
				C6813F7429A5B9BD006D75EC /* Products */,
			);
			sourceTree = "<group>";
		};
		C6813F7429A5B9BD006D75EC /* Products */ = {
			isa = PBXGroup;
			children = (
				C6813F7329A5B9BD006D75EC /* Weather.app */,
				C6813F8929A5B9BD006D75EC /* WeatherTests.xctest */,
				C6813F9329A5B9BD006D75EC /* WeatherUITests.xctest */,
			);
			name = Products;
			sourceTree = "<group>";
		};
		C6813F7529A5B9BD006D75EC /* Weather */ = {
			isa = PBXGroup;
			children = (
				C6813F7629A5B9BD006D75EC /* AppDelegate.swift */,
				C6813F7829A5B9BD006D75EC /* SceneDelegate.swift */,
				C6813F7A29A5B9BD006D75EC /* ViewController.swift */,
				C6813F7C29A5B9BD006D75EC /* Main.storyboard */,
				C6813F7F29A5B9BD006D75EC /* Assets.xcassets */,
				C6813F8129A5B9BD006D75EC /* LaunchScreen.storyboard */,
				C6813F8429A5B9BD006D75EC /* Info.plist */,
			);
			path = Weather;
			sourceTree = "<group>";
		};
		C6813F8C29A5B9BD006D75EC /* WeatherTests */ = {
			isa = PBXGroup;
			children = (
				C6813F8D29A5B9BD006D75EC /* WeatherTests.swift */,
			);
			path = WeatherTests;
			sourceTree = "<group>";
		};
		C6813F9629A5B9BD006D75EC /* WeatherUITests */ = {
			isa = PBXGroup;
			children = (
				C6813F9729A5B9BD006D75EC /* WeatherUITests.swift */,
				C6813F9929A5B9BD006D75EC /* WeatherUITestsLaunchTests.swift */,
			);
			path = WeatherUITests;
			sourceTree = "<group>";
		};
/* End PBXGroup section */

/* Begin PBXNativeTarget section */
		C6813F7229A5B9BD006D75EC /* Weather */ = {
			isa = PBXNativeTarget;
			buildConfigurationList = C6813F9D29A5B9BD006D75EC /* Build configuration list for PBXNativeTarget "Weather" */;
			buildPhases = (
				C6813F6F29A5B9BD006D75EC /* Sources */,
				C6813F7029A5B9BD006D75EC /* Frameworks */,
				C6813F7129A5B9BD006D75EC /* Resources */,
			);
			buildRules = (
			);
			dependencies = (
			);
			name = Weather;
			productName = Weather;
			productReference = C6813F7329A5B9BD006D75EC /* Weather.app */;
			productType = "com.apple.product-type.application";
		};
		C6813F8829A5B9BD006D75EC /* WeatherTests */ = {
			isa = PBXNativeTarget;
			buildConfigurationList = C6813FA029A5B9BD006D75EC /* Build configuration list for PBXNativeTarget "WeatherTests" */;
			buildPhases = (
				C6813F8529A5B9BD006D75EC /* Sources */,
				C6813F8629A5B9BD006D75EC /* Frameworks */,
				C6813F8729A5B9BD006D75EC /* Resources */,
			);
			buildRules = (
			);
			dependencies = (
				C6813F8B29A5B9BD006D75EC /* PBXTargetDependency */,
			);
			name = WeatherTests;
			productName = WeatherTests;
			productReference = C6813F8929A5B9BD006D75EC /* WeatherTests.xctest */;
			productType = "com.apple.product-type.bundle.unit-test";
		};
		C6813F9229A5B9BD006D75EC /* WeatherUITests */ = {
			isa = PBXNativeTarget;
			buildConfigurationList = C6813FA329A5B9BD006D75EC /* Build configuration list for PBXNativeTarget "WeatherUITests" */;
			buildPhases = (
				C6813F8F29A5B9BD006D75EC /* Sources */,
				C6813F9029A5B9BD006D75EC /* Frameworks */,
				C6813F9129A5B9BD006D75EC /* Resources */,
			);
			buildRules = (
			);
			dependencies = (
				C6813F9529A5B9BD006D75EC /* PBXTargetDependency */,
			);
			name = WeatherUITests;
			productName = WeatherUITests;
			productReference = C6813F9329A5B9BD006D75EC /* WeatherUITests.xctest */;
			productType = "com.apple.product-type.bundle.ui-testing";
		};
/* End PBXNativeTarget section */

/* Begin PBXProject section */
		C6813F6B29A5B9BC006D75EC /* Project object */ = {
			isa = PBXProject;
			attributes = {
				BuildIndependentTargetsInParallel = 1;
				LastSwiftUpdateCheck = 1410;
				LastUpgradeCheck = 1410;
				TargetAttributes = {
					C6813F7229A5B9BD006D75EC = {
						CreatedOnToolsVersion = 14.1;
					};
					C6813F8829A5B9BD006D75EC = {
						CreatedOnToolsVersion = 14.1;
						TestTargetID = C6813F7229A5B9BD006D75EC;
					};
					C6813F9229A5B9BD006D75EC = {
						CreatedOnToolsVersion = 14.1;
						TestTargetID = C6813F7229A5B9BD006D75EC;
					};
				};
			};
			buildConfigurationList = C6813F6E29A5B9BC006D75EC /* Build configuration list for PBXProject "Weather" */;
			compatibilityVersion = "Xcode 14.0";
			developmentRegion = en;
			hasScannedForEncodings = 0;
			knownRegions = (
				en,
				Base,
			);
			mainGroup = C6813F6A29A5B9BC006D75EC;
			productRefGroup = C6813F7429A5B9BD006D75EC /* Products */;
			projectDirPath = "";
			projectRoot = "";
			targets = (
				C6813F7229A5B9BD006D75EC /* Weather */,
				C6813F8829A5B9BD006D75EC /* WeatherTests */,
				C6813F9229A5B9BD006D75EC /* WeatherUITests */,
			);
		};
/* End PBXProject section */

/* Begin PBXResourcesBuildPhase section */
		C6813F7129A5B9BD006D75EC /* Resources */ = {
			isa = PBXResourcesBuildPhase;
			buildActionMask = 2147483647;
			files = (
				C6813F8329A5B9BD006D75EC /* LaunchScreen.storyboard in Resources */,
				C6813F8029A5B9BD006D75EC /* Assets.xcassets in Resources */,
				C6813F7E29A5B9BD006D75EC /* Main.storyboard in Resources */,
			);
			runOnlyForDeploymentPostprocessing = 0;
		};
		C6813F8729A5B9BD006D75EC /* Resources */ = {
			isa = PBXResourcesBuildPhase;
			buildActionMask = 2147483647;
			files = (
			);
			runOnlyForDeploymentPostprocessing = 0;
		};
		C6813F9129A5B9BD006D75EC /* Resources */ = {
			isa = PBXResourcesBuildPhase;
			buildActionMask = 2147483647;
			files = (
			);
			runOnlyForDeploymentPostprocessing = 0;
		};
/* End PBXResourcesBuildPhase section */

/* Begin PBXSourcesBuildPhase section */
		C6813F6F29A5B9BD006D75EC /* Sources */ = {
			isa = PBXSourcesBuildPhase;
			buildActionMask = 2147483647;
			files = (
				C6813F7B29A5B9BD006D75EC /* ViewController.swift in Sources */,
				C6813F7729A5B9BD006D75EC /* AppDelegate.swift in Sources */,
				C6813F7929A5B9BD006D75EC /* SceneDelegate.swift in Sources */,
			);
			runOnlyForDeploymentPostprocessing = 0;
		};
		C6813F8529A5B9BD006D75EC /* Sources */ = {
			isa = PBXSourcesBuildPhase;
			buildActionMask = 2147483647;
			files = (
				C6813F8E29A5B9BD006D75EC /* WeatherTests.swift in Sources */,
			);
			runOnlyForDeploymentPostprocessing = 0;
		};
		C6813F8F29A5B9BD006D75EC /* Sources */ = {
			isa = PBXSourcesBuildPhase;
			buildActionMask = 2147483647;
			files = (
				C6813F9829A5B9BD006D75EC /* WeatherUITests.swift in Sources */,
				C6813F9A29A5B9BD006D75EC /* WeatherUITestsLaunchTests.swift in Sources */,
			);
			runOnlyForDeploymentPostprocessing = 0;
		};
/* End PBXSourcesBuildPhase section */

/* Begin PBXTargetDependency section */
		C6813F8B29A5B9BD006D75EC /* PBXTargetDependency */ = {
			isa = PBXTargetDependency;
			target = C6813F7229A5B9BD006D75EC /* Weather */;
			targetProxy = C6813F8A29A5B9BD006D75EC /* PBXContainerItemProxy */;
		};
		C6813F9529A5B9BD006D75EC /* PBXTargetDependency */ = {
			isa = PBXTargetDependency;
			target = C6813F7229A5B9BD006D75EC /* Weather */;
			targetProxy = C6813F9429A5B9BD006D75EC /* PBXContainerItemProxy */;
		};
/* End PBXTargetDependency section */

/* Begin PBXVariantGroup section */
		C6813F7C29A5B9BD006D75EC /* Main.storyboard */ = {
			isa = PBXVariantGroup;
			children = (
				C6813F7D29A5B9BD006D75EC /* Base */,
			);
			name = Main.storyboard;
			sourceTree = "<group>";
		};
		C6813F8129A5B9BD006D75EC /* LaunchScreen.storyboard */ = {
			isa = PBXVariantGroup;
			children = (
				C6813F8229A5B9BD006D75EC /* Base */,
			);
			name = LaunchScreen.storyboard;
			sourceTree = "<group>";
		};
/* End PBXVariantGroup section */

/* Begin XCBuildConfiguration section */
		C6813F9B29A5B9BD006D75EC /* Debug */ = {
			isa = XCBuildConfiguration;
			buildSettings = {
				ALWAYS_SEARCH_USER_PATHS = NO;
				CLANG_ANALYZER_NONNULL = YES;
				CLANG_ANALYZER_NUMBER_OBJECT_CONVERSION = YES_AGGRESSIVE;
				CLANG_CXX_LANGUAGE_STANDARD = "gnu++20";
				CLANG_ENABLE_MODULES = YES;
				CLANG_ENABLE_OBJC_ARC = YES;
				CLANG_ENABLE_OBJC_WEAK = YES;
				CLANG_WARN_BLOCK_CAPTURE_AUTORELEASING = YES;
				CLANG_WARN_BOOL_CONVERSION = YES;
				CLANG_WARN_COMMA = YES;
				CLANG_WARN_CONSTANT_CONVERSION = YES;
				CLANG_WARN_DEPRECATED_OBJC_IMPLEMENTATIONS = YES;
				CLANG_WARN_DIRECT_OBJC_ISA_USAGE = YES_ERROR;
				CLANG_WARN_DOCUMENTATION_COMMENTS = YES;
				CLANG_WARN_EMPTY_BODY = YES;
				CLANG_WARN_ENUM_CONVERSION = YES;
				CLANG_WARN_INFINITE_RECURSION = YES;
				CLANG_WARN_INT_CONVERSION = YES;
				CLANG_WARN_NON_LITERAL_NULL_CONVERSION = YES;
				CLANG_WARN_OBJC_IMPLICIT_RETAIN_SELF = YES;
				CLANG_WARN_OBJC_LITERAL_CONVERSION = YES;
				CLANG_WARN_OBJC_ROOT_CLASS = YES_ERROR;
				CLANG_WARN_QUOTED_INCLUDE_IN_FRAMEWORK_HEADER = YES;
				CLANG_WARN_RANGE_LOOP_ANALYSIS = YES;
				CLANG_WARN_STRICT_PROTOTYPES = YES;
				CLANG_WARN_SUSPICIOUS_MOVE = YES;
				CLANG_WARN_UNGUARDED_AVAILABILITY = YES_AGGRESSIVE;
				CLANG_WARN_UNREACHABLE_CODE = YES;
				CLANG_WARN__DUPLICATE_METHOD_MATCH = YES;
				COPY_PHASE_STRIP = NO;
				DEBUG_INFORMATION_FORMAT = dwarf;
				ENABLE_STRICT_OBJC_MSGSEND = YES;
				ENABLE_TESTABILITY = YES;
				GCC_C_LANGUAGE_STANDARD = gnu11;
				GCC_DYNAMIC_NO_PIC = NO;
				GCC_NO_COMMON_BLOCKS = YES;
				GCC_OPTIMIZATION_LEVEL = 0;
				GCC_PREPROCESSOR_DEFINITIONS = (
					"DEBUG=1",
					"$(inherited)",
				);
				GCC_WARN_64_TO_32_BIT_CONVERSION = YES;
				GCC_WARN_ABOUT_RETURN_TYPE = YES_ERROR;
				GCC_WARN_UNDECLARED_SELECTOR = YES;
				GCC_WARN_UNINITIALIZED_AUTOS = YES_AGGRESSIVE;
				GCC_WARN_UNUSED_FUNCTION = YES;
				GCC_WARN_UNUSED_VARIABLE = YES;
				IPHONEOS_DEPLOYMENT_TARGET = 16.1;
				MTL_ENABLE_DEBUG_INFO = INCLUDE_SOURCE;
				MTL_FAST_MATH = YES;
				ONLY_ACTIVE_ARCH = YES;
				SDKROOT = iphoneos;
				SWIFT_ACTIVE_COMPILATION_CONDITIONS = DEBUG;
				SWIFT_OPTIMIZATION_LEVEL = "-Onone";
			};
			name = Debug;
		};
		C6813F9C29A5B9BD006D75EC /* Release */ = {
			isa = XCBuildConfiguration;
			buildSettings = {
				ALWAYS_SEARCH_USER_PATHS = NO;
				CLANG_ANALYZER_NONNULL = YES;
				CLANG_ANALYZER_NUMBER_OBJECT_CONVERSION = YES_AGGRESSIVE;
				CLANG_CXX_LANGUAGE_STANDARD = "gnu++20";
				CLANG_ENABLE_MODULES = YES;
				CLANG_ENABLE_OBJC_ARC = YES;
				CLANG_ENABLE_OBJC_WEAK = YES;
				CLANG_WARN_BLOCK_CAPTURE_AUTORELEASING = YES;
				CLANG_WARN_BOOL_CONVERSION = YES;
				CLANG_WARN_COMMA = YES;
				CLANG_WARN_CONSTANT_CONVERSION = YES;
				CLANG_WARN_DEPRECATED_OBJC_IMPLEMENTATIONS = YES;
				CLANG_WARN_DIRECT_OBJC_ISA_USAGE = YES_ERROR;
				CLANG_WARN_DOCUMENTATION_COMMENTS = YES;
				CLANG_WARN_EMPTY_BODY = YES;
				CLANG_WARN_ENUM_CONVERSION = YES;
				CLANG_WARN_INFINITE_RECURSION = YES;
				CLANG_WARN_INT_CONVERSION = YES;
				CLANG_WARN_NON_LITERAL_NULL_CONVERSION = YES;
				CLANG_WARN_OBJC_IMPLICIT_RETAIN_SELF = YES;
				CLANG_WARN_OBJC_LITERAL_CONVERSION = YES;
				CLANG_WARN_OBJC_ROOT_CLASS = YES_ERROR;
				CLANG_WARN_QUOTED_INCLUDE_IN_FRAMEWORK_HEADER = YES;
				CLANG_WARN_RANGE_LOOP_ANALYSIS = YES;
				CLANG_WARN_STRICT_PROTOTYPES = YES;
				CLANG_WARN_SUSPICIOUS_MOVE = YES;
				CLANG_WARN_UNGUARDED_AVAILABILITY = YES_AGGRESSIVE;
				CLANG_WARN_UNREACHABLE_CODE = YES;
				CLANG_WARN__DUPLICATE_METHOD_MATCH = YES;
				COPY_PHASE_STRIP = NO;
				DEBUG_INFORMATION_FORMAT = "dwarf-with-dsym";
				ENABLE_NS_ASSERTIONS = NO;
				ENABLE_STRICT_OBJC_MSGSEND = YES;
				GCC_C_LANGUAGE_STANDARD = gnu11;
				GCC_NO_COMMON_BLOCKS = YES;
				GCC_WARN_64_TO_32_BIT_CONVERSION = YES;
				GCC_WARN_ABOUT_RETURN_TYPE = YES_ERROR;
				GCC_WARN_UNDECLARED_SELECTOR = YES;
				GCC_WARN_UNINITIALIZED_AUTOS = YES_AGGRESSIVE;
				GCC_WARN_UNUSED_FUNCTION = YES;
				GCC_WARN_UNUSED_VARIABLE = YES;
				IPHONEOS_DEPLOYMENT_TARGET = 16.1;
				MTL_ENABLE_DEBUG_INFO = NO;
				MTL_FAST_MATH = YES;
				SDKROOT = iphoneos;
				SWIFT_COMPILATION_MODE = wholemodule;
				SWIFT_OPTIMIZATION_LEVEL = "-O";
				VALIDATE_PRODUCT = YES;
			};
			name = Release;
		};
		C6813F9E29A5B9BD006D75EC /* Debug */ = {
			isa = XCBuildConfiguration;
			buildSettings = {
				ASSETCATALOG_COMPILER_APPICON_NAME = AppIcon;
				ASSETCATALOG_COMPILER_GLOBAL_ACCENT_COLOR_NAME = AccentColor;
				CODE_SIGN_STYLE = Automatic;
				CURRENT_PROJECT_VERSION = 1;
				DEVELOPMENT_TEAM = 69M4234YMH;
				GENERATE_INFOPLIST_FILE = YES;
				INFOPLIST_FILE = Weather/Info.plist;
				INFOPLIST_KEY_UIApplicationSupportsIndirectInputEvents = YES;
				INFOPLIST_KEY_UILaunchStoryboardName = LaunchScreen;
				INFOPLIST_KEY_UIMainStoryboardFile = Main;
				INFOPLIST_KEY_UISupportedInterfaceOrientations_iPad = "UIInterfaceOrientationPortrait UIInterfaceOrientationPortraitUpsideDown UIInterfaceOrientationLandscapeLeft UIInterfaceOrientationLandscapeRight";
				INFOPLIST_KEY_UISupportedInterfaceOrientations_iPhone = "UIInterfaceOrientationPortrait UIInterfaceOrientationLandscapeLeft UIInterfaceOrientationLandscapeRight";
				LD_RUNPATH_SEARCH_PATHS = (
					"$(inherited)",
					"@executable_path/Frameworks",
				);
				MARKETING_VERSION = 1.0;
				PRODUCT_BUNDLE_IDENTIFIER = com.bas.Weather;
				PRODUCT_NAME = "$(TARGET_NAME)";
				SWIFT_EMIT_LOC_STRINGS = YES;
				SWIFT_VERSION = 5.0;
				TARGETED_DEVICE_FAMILY = "1,2";
			};
			name = Debug;
		};
		C6813F9F29A5B9BD006D75EC /* Release */ = {
			isa = XCBuildConfiguration;
			buildSettings = {
				ASSETCATALOG_COMPILER_APPICON_NAME = AppIcon;
				ASSETCATALOG_COMPILER_GLOBAL_ACCENT_COLOR_NAME = AccentColor;
				CODE_SIGN_STYLE = Automatic;
				CURRENT_PROJECT_VERSION = 1;
				DEVELOPMENT_TEAM = 69M4234YMH;
				GENERATE_INFOPLIST_FILE = YES;
				INFOPLIST_FILE = Weather/Info.plist;
				INFOPLIST_KEY_UIApplicationSupportsIndirectInputEvents = YES;
				INFOPLIST_KEY_UILaunchStoryboardName = LaunchScreen;
				INFOPLIST_KEY_UIMainStoryboardFile = Main;
				INFOPLIST_KEY_UISupportedInterfaceOrientations_iPad = "UIInterfaceOrientationPortrait UIInterfaceOrientationPortraitUpsideDown UIInterfaceOrientationLandscapeLeft UIInterfaceOrientationLandscapeRight";
				INFOPLIST_KEY_UISupportedInterfaceOrientations_iPhone = "UIInterfaceOrientationPortrait UIInterfaceOrientationLandscapeLeft UIInterfaceOrientationLandscapeRight";
				LD_RUNPATH_SEARCH_PATHS = (
					"$(inherited)",
					"@executable_path/Frameworks",
				);
				MARKETING_VERSION = 1.0;
				PRODUCT_BUNDLE_IDENTIFIER = com.bas.Weather;
				PRODUCT_NAME = "$(TARGET_NAME)";
				SWIFT_EMIT_LOC_STRINGS = YES;
				SWIFT_VERSION = 5.0;
				TARGETED_DEVICE_FAMILY = "1,2";
			};
			name = Release;
		};
		C6813FA129A5B9BD006D75EC /* Debug */ = {
			isa = XCBuildConfiguration;
			buildSettings = {
				ALWAYS_EMBED_SWIFT_STANDARD_LIBRARIES = YES;
				BUNDLE_LOADER = "$(TEST_HOST)";
				CODE_SIGN_STYLE = Automatic;
				CURRENT_PROJECT_VERSION = 1;
				DEVELOPMENT_TEAM = 69M4234YMH;
				GENERATE_INFOPLIST_FILE = YES;
				IPHONEOS_DEPLOYMENT_TARGET = 16.1;
				MARKETING_VERSION = 1.0;
				PRODUCT_BUNDLE_IDENTIFIER = com.bas.WeatherTests;
				PRODUCT_NAME = "$(TARGET_NAME)";
				SWIFT_EMIT_LOC_STRINGS = NO;
				SWIFT_VERSION = 5.0;
				TARGETED_DEVICE_FAMILY = "1,2";
				TEST_HOST = "$(BUILT_PRODUCTS_DIR)/Weather.app/$(BUNDLE_EXECUTABLE_FOLDER_PATH)/Weather";
			};
			name = Debug;
		};
		C6813FA229A5B9BD006D75EC /* Release */ = {
			isa = XCBuildConfiguration;
			buildSettings = {
				ALWAYS_EMBED_SWIFT_STANDARD_LIBRARIES = YES;
				BUNDLE_LOADER = "$(TEST_HOST)";
				CODE_SIGN_STYLE = Automatic;
				CURRENT_PROJECT_VERSION = 1;
				DEVELOPMENT_TEAM = 69M4234YMH;
				GENERATE_INFOPLIST_FILE = YES;
				IPHONEOS_DEPLOYMENT_TARGET = 16.1;
				MARKETING_VERSION = 1.0;
				PRODUCT_BUNDLE_IDENTIFIER = com.bas.WeatherTests;
				PRODUCT_NAME = "$(TARGET_NAME)";
				SWIFT_EMIT_LOC_STRINGS = NO;
				SWIFT_VERSION = 5.0;
				TARGETED_DEVICE_FAMILY = "1,2";
				TEST_HOST = "$(BUILT_PRODUCTS_DIR)/Weather.app/$(BUNDLE_EXECUTABLE_FOLDER_PATH)/Weather";
			};
			name = Release;
		};
		C6813FA429A5B9BD006D75EC /* Debug */ = {
			isa = XCBuildConfiguration;
			buildSettings = {
				ALWAYS_EMBED_SWIFT_STANDARD_LIBRARIES = YES;
				CODE_SIGN_STYLE = Automatic;
				CURRENT_PROJECT_VERSION = 1;
				DEVELOPMENT_TEAM = 69M4234YMH;
				GENERATE_INFOPLIST_FILE = YES;
				MARKETING_VERSION = 1.0;
				PRODUCT_BUNDLE_IDENTIFIER = com.bas.WeatherUITests;
				PRODUCT_NAME = "$(TARGET_NAME)";
				SWIFT_EMIT_LOC_STRINGS = NO;
				SWIFT_VERSION = 5.0;
				TARGETED_DEVICE_FAMILY = "1,2";
				TEST_TARGET_NAME = Weather;
			};
			name = Debug;
		};
		C6813FA529A5B9BD006D75EC /* Release */ = {
			isa = XCBuildConfiguration;
			buildSettings = {
				ALWAYS_EMBED_SWIFT_STANDARD_LIBRARIES = YES;
				CODE_SIGN_STYLE = Automatic;
				CURRENT_PROJECT_VERSION = 1;
				DEVELOPMENT_TEAM = 69M4234YMH;
				GENERATE_INFOPLIST_FILE = YES;
				MARKETING_VERSION = 1.0;
				PRODUCT_BUNDLE_IDENTIFIER = com.bas.WeatherUITests;
				PRODUCT_NAME = "$(TARGET_NAME)";
				SWIFT_EMIT_LOC_STRINGS = NO;
				SWIFT_VERSION = 5.0;
				TARGETED_DEVICE_FAMILY = "1,2";
				TEST_TARGET_NAME = Weather;
			};
			name = Release;
		};
/* End XCBuildConfiguration section */

/* Begin XCConfigurationList section */
		C6813F6E29A5B9BC006D75EC /* Build configuration list for PBXProject "Weather" */ = {
			isa = XCConfigurationList;
			buildConfigurations = (
				C6813F9B29A5B9BD006D75EC /* Debug */,
				C6813F9C29A5B9BD006D75EC /* Release */,
			);
			defaultConfigurationIsVisible = 0;
			defaultConfigurationName = Release;
		};
		C6813F9D29A5B9BD006D75EC /* Build configuration list for PBXNativeTarget "Weather" */ = {
			isa = XCConfigurationList;
			buildConfigurations = (
				C6813F9E29A5B9BD006D75EC /* Debug */,
				C6813F9F29A5B9BD006D75EC /* Release */,
			);
			defaultConfigurationIsVisible = 0;
			defaultConfigurationName = Release;
		};
		C6813FA029A5B9BD006D75EC /* Build configuration list for PBXNativeTarget "WeatherTests" */ = {
			isa = XCConfigurationList;
			buildConfigurations = (
				C6813FA129A5B9BD006D75EC /* Debug */,
				C6813FA229A5B9BD006D75EC /* Release */,
			);
			defaultConfigurationIsVisible = 0;
			defaultConfigurationName = Release;
		};
		C6813FA329A5B9BD006D75EC /* Build configuration list for PBXNativeTarget "WeatherUITests" */ = {
			isa = XCConfigurationList;
			buildConfigurations = (
				C6813FA429A5B9BD006D75EC /* Debug */,
				C6813FA529A5B9BD006D75EC /* Release */,
			);
			defaultConfigurationIsVisible = 0;
			defaultConfigurationName = Release;
		};
/* End XCConfigurationList section */
	};
	rootObject = C6813F6B29A5B9BC006D75EC /* Project object */;
}
